
Microsoft Visual Studio Solution File, Format Version 12.00
# Visual Studio Version 17
VisualStudioVersion = 17.8.34525.116
MinimumVisualStudioVersion = 10.0.40219.1
Project("{FAE04EC0-301F-11D3-BF4B-00C04F79EFBC}") = "ACP_Back", "ACP_Back\ACP_Back.csproj", "{02E35C1D-2C0F-4EBE-9C1F-82645E2E4558}"
EndProject
Global
	GlobalSection(SolutionConfigurationPlatforms) = preSolution
		Debug|Any CPU = Debug|Any CPU
		Release|Any CPU = Release|Any CPU
	EndGlobalSection
	GlobalSection(ProjectConfigurationPlatforms) = postSolution
		{02E35C1D-2C0F-4EBE-9C1F-82645E2E4558}.Debug|Any CPU.ActiveCfg = Debug|Any CPU
		{02E35C1D-2C0F-4EBE-9C1F-82645E2E4558}.Debug|Any CPU.Build.0 = Debug|Any CPU
		{02E35C1D-2C0F-4EBE-9C1F-82645E2E4558}.Release|Any CPU.ActiveCfg = Release|Any CPU
		{02E35C1D-2C0F-4EBE-9C1F-82645E2E4558}.Release|Any CPU.Build.0 = Release|Any CPU
	EndGlobalSection
	GlobalSection(SolutionProperties) = preSolution
		HideSolutionNode = FALSE
	EndGlobalSection
	GlobalSection(ExtensibilityGlobals) = postSolution
		SolutionGuid = {A7781AA7-0AC4-4055-9724-AEC436484C6B}
	EndGlobalSection
EndGlobal
